
Microsoft Visual Studio Solution File, Format Version 12.00
# Visual Studio Version 17
VisualStudioVersion = 17.4.33205.214
MinimumVisualStudioVersion = 10.0.40219.1
Project("{FAE04EC0-301F-11D3-BF4B-00C04F79EFBC}") = "Backend_Assignment_2_Appendix_A", "Backend_Development_Assignment2\Backend_Assignment_2_Appendix_A.csproj", "{43EA08F4-5597-4634-8B1D-0A8B812DB50E}"
EndProject
Project("{FAE04EC0-301F-11D3-BF4B-00C04F79EFBC}") = "Backend_Assignment_2_Appendix_B", "Backend_Assignment_2_Appendix_B\Backend_Assignment_2_Appendix_B.csproj", "{CDAD21AA-6ABF-4D40-8565-2B40D04171B8}"
EndProject
Global
	GlobalSection(SolutionConfigurationPlatforms) = preSolution
		Debug|Any CPU = Debug|Any CPU
		Release|Any CPU = Release|Any CPU
	EndGlobalSection
	GlobalSection(ProjectConfigurationPlatforms) = postSolution
		{43EA08F4-5597-4634-8B1D-0A8B812DB50E}.Debug|Any CPU.ActiveCfg = Debug|Any CPU
		{43EA08F4-5597-4634-8B1D-0A8B812DB50E}.Debug|Any CPU.Build.0 = Debug|Any CPU
		{43EA08F4-5597-4634-8B1D-0A8B812DB50E}.Release|Any CPU.ActiveCfg = Release|Any CPU
		{43EA08F4-5597-4634-8B1D-0A8B812DB50E}.Release|Any CPU.Build.0 = Release|Any CPU
		{CDAD21AA-6ABF-4D40-8565-2B40D04171B8}.Debug|Any CPU.ActiveCfg = Debug|Any CPU
		{CDAD21AA-6ABF-4D40-8565-2B40D04171B8}.Debug|Any CPU.Build.0 = Debug|Any CPU
		{CDAD21AA-6ABF-4D40-8565-2B40D04171B8}.Release|Any CPU.ActiveCfg = Release|Any CPU
		{CDAD21AA-6ABF-4D40-8565-2B40D04171B8}.Release|Any CPU.Build.0 = Release|Any CPU
	EndGlobalSection
	GlobalSection(SolutionProperties) = preSolution
		HideSolutionNode = FALSE
	EndGlobalSection
	GlobalSection(ExtensibilityGlobals) = postSolution
		SolutionGuid = {40463F61-39F0-44ED-968D-75371B946D29}
	EndGlobalSection
EndGlobal
